// !$*UTF8*$!
{
	archiveVersion = 1;
	classes = {
	};
	objectVersion = 46;
	objects = {

/* Begin PBXBuildFile section */
		DEA813221AB93D600034FAD5 /* AppDelegate.swift in Sources */ = {isa = PBXBuildFile; fileRef = DEA813211AB93D600034FAD5 /* AppDelegate.swift */; };
		DEA813241AB93D600034FAD5 /* ViewController.swift in Sources */ = {isa = PBXBuildFile; fileRef = DEA813231AB93D600034FAD5 /* ViewController.swift */; };
		DEA813271AB93D600034FAD5 /* Main.storyboard in Resources */ = {isa = PBXBuildFile; fileRef = DEA813251AB93D600034FAD5 /* Main.storyboard */; };
		DEA813291AB93D600034FAD5 /* Images.xcassets in Resources */ = {isa = PBXBuildFile; fileRef = DEA813281AB93D600034FAD5 /* Images.xcassets */; };
		DEA8132C1AB93D600034FAD5 /* LaunchScreen.xib in Resources */ = {isa = PBXBuildFile; fileRef = DEA8132A1AB93D600034FAD5 /* LaunchScreen.xib */; };
		DEA813381AB93D600034FAD5 /* SecondAutoLayoutTests.swift in Sources */ = {isa = PBXBuildFile; fileRef = DEA813371AB93D600034FAD5 /* SecondAutoLayoutTests.swift */; };
/* End PBXBuildFile section */

/* Begin PBXContainerItemProxy section */
		DEA813321AB93D600034FAD5 /* PBXContainerItemProxy */ = {
			isa = PBXContainerItemProxy;
			containerPortal = DEA813141AB93D600034FAD5 /* Project object */;
			proxyType = 1;
			remoteGlobalIDString = DEA8131B1AB93D600034FAD5;
			remoteInfo = SecondAutoLayout;
		};
/* End PBXContainerItemProxy section */

/* Begin PBXFileReference section */
		DEA8131C1AB93D600034FAD5 /* SecondAutoLayout.app */ = {isa = PBXFileReference; explicitFileType = wrapper.application; includeInIndex = 0; path = SecondAutoLayout.app; sourceTree = BUILT_PRODUCTS_DIR; };
		DEA813201AB93D600034FAD5 /* Info.plist */ = {isa = PBXFileReference; lastKnownFileType = text.plist.xml; path = Info.plist; sourceTree = "<group>"; };
		DEA813211AB93D600034FAD5 /* AppDelegate.swift */ = {isa = PBXFileReference; lastKnownFileType = sourcecode.swift; path = AppDelegate.swift; sourceTree = "<group>"; };
		DEA813231AB93D600034FAD5 /* ViewController.swift */ = {isa = PBXFileReference; lastKnownFileType = sourcecode.swift; path = ViewController.swift; sourceTree = "<group>"; };
		DEA813261AB93D600034FAD5 /* Base */ = {isa = PBXFileReference; lastKnownFileType = file.storyboard; name = Base; path = Base.lproj/Main.storyboard; sourceTree = "<group>"; };
		DEA813281AB93D600034FAD5 /* Images.xcassets */ = {isa = PBXFileReference; lastKnownFileType = folder.assetcatalog; path = Images.xcassets; sourceTree = "<group>"; };
		DEA8132B1AB93D600034FAD5 /* Base */ = {isa = PBXFileReference; lastKnownFileType = file.xib; name = Base; path = Base.lproj/LaunchScreen.xib; sourceTree = "<group>"; };
		DEA813311AB93D600034FAD5 /* SecondAutoLayoutTests.xctest */ = {isa = PBXFileReference; explicitFileType = wrapper.cfbundle; includeInIndex = 0; path = SecondAutoLayoutTests.xctest; sourceTree = BUILT_PRODUCTS_DIR; };
		DEA813361AB93D600034FAD5 /* Info.plist */ = {isa = PBXFileReference; lastKnownFileType = text.plist.xml; path = Info.plist; sourceTree = "<group>"; };
		DEA813371AB93D600034FAD5 /* SecondAutoLayoutTests.swift */ = {isa = PBXFileReference; lastKnownFileType = sourcecode.swift; path = SecondAutoLayoutTests.swift; sourceTree = "<group>"; };
/* End PBXFileReference section */

/* Begin PBXFrameworksBuildPhase section */
		DEA813191AB93D600034FAD5 /* Frameworks */ = {
			isa = PBXFrameworksBuildPhase;
			buildActionMask = 2147483647;
			files = (
			);
			runOnlyForDeploymentPostprocessing = 0;
		};
		DEA8132E1AB93D600034FAD5 /* Frameworks */ = {
			isa = PBXFrameworksBuildPhase;
			buildActionMask = 2147483647;
			files = (
			);
			runOnlyForDeploymentPostprocessing = 0;
		};
/* End PBXFrameworksBuildPhase section */

/* Begin PBXGroup section */
		DEA813131AB93D600034FAD5 = {
			isa = PBXGroup;
			children = (
				DEA8131E1AB93D600034FAD5 /* SecondAutoLayout */,
				DEA813341AB93D600034FAD5 /* SecondAutoLayoutTests */,
				DEA8131D1AB93D600034FAD5 /* Products */,
			);
			sourceTree = "<group>";
		};
		DEA8131D1AB93D600034FAD5 /* Products */ = {
			isa = PBXGroup;
			children = (
				DEA8131C1AB93D600034FAD5 /* SecondAutoLayout.app */,
				DEA813311AB93D600034FAD5 /* SecondAutoLayoutTests.xctest */,
			);
			name = Products;
			sourceTree = "<group>";
		};
		DEA8131E1AB93D600034FAD5 /* SecondAutoLayout */ = {
			isa = PBXGroup;
			children = (
				DEA813211AB93D600034FAD5 /* AppDelegate.swift */,
				DEA813231AB93D600034FAD5 /* ViewController.swift */,
				DEA813251AB93D600034FAD5 /* Main.storyboard */,
				DEA813281AB93D600034FAD5 /* Images.xcassets */,
				DEA8132A1AB93D600034FAD5 /* LaunchScreen.xib */,
				DEA8131F1AB93D600034FAD5 /* Supporting Files */,
			);
			path = SecondAutoLayout;
			sourceTree = "<group>";
		};
		DEA8131F1AB93D600034FAD5 /* Supporting Files */ = {
			isa = PBXGroup;
			children = (
				DEA813201AB93D600034FAD5 /* Info.plist */,
			);
			name = "Supporting Files";
			sourceTree = "<group>";
		};
		DEA813341AB93D600034FAD5 /* SecondAutoLayoutTests */ = {
			isa = PBXGroup;
			children = (
				DEA813371AB93D600034FAD5 /* SecondAutoLayoutTests.swift */,
				DEA813351AB93D600034FAD5 /* Supporting Files */,
			);
			path = SecondAutoLayoutTests;
			sourceTree = "<group>";
		};
		DEA813351AB93D600034FAD5 /* Supporting Files */ = {
			isa = PBXGroup;
			children = (
				DEA813361AB93D600034FAD5 /* Info.plist */,
			);
			name = "Supporting Files";
			sourceTree = "<group>";
		};
/* End PBXGroup section */

/* Begin PBXNativeTarget section */
		DEA8131B1AB93D600034FAD5 /* SecondAutoLayout */ = {
			isa = PBXNativeTarget;
			buildConfigurationList = DEA8133B1AB93D600034FAD5 /* Build configuration list for PBXNativeTarget "SecondAutoLayout" */;
			buildPhases = (
				DEA813181AB93D600034FAD5 /* Sources */,
				DEA813191AB93D600034FAD5 /* Frameworks */,
				DEA8131A1AB93D600034FAD5 /* Resources */,
			);
			buildRules = (
			);
			dependencies = (
			);
			name = SecondAutoLayout;
			productName = SecondAutoLayout;
			productReference = DEA8131C1AB93D600034FAD5 /* SecondAutoLayout.app */;
			productType = "com.apple.product-type.application";
		};
		DEA813301AB93D600034FAD5 /* SecondAutoLayoutTests */ = {
			isa = PBXNativeTarget;
			buildConfigurationList = DEA8133E1AB93D600034FAD5 /* Build configuration list for PBXNativeTarget "SecondAutoLayoutTests" */;
			buildPhases = (
				DEA8132D1AB93D600034FAD5 /* Sources */,
				DEA8132E1AB93D600034FAD5 /* Frameworks */,
				DEA8132F1AB93D600034FAD5 /* Resources */,
			);
			buildRules = (
			);
			dependencies = (
				DEA813331AB93D600034FAD5 /* PBXTargetDependency */,
			);
			name = SecondAutoLayoutTests;
			productName = SecondAutoLayoutTests;
			productReference = DEA813311AB93D600034FAD5 /* SecondAutoLayoutTests.xctest */;
			productType = "com.apple.product-type.bundle.unit-test";
		};
/* End PBXNativeTarget section */

/* Begin PBXProject section */
		DEA813141AB93D600034FAD5 /* Project object */ = {
			isa = PBXProject;
			attributes = {
				LastUpgradeCheck = 0620;
				ORGANIZATIONNAME = "Tony Morales";
				TargetAttributes = {
					DEA8131B1AB93D600034FAD5 = {
						CreatedOnToolsVersion = 6.2;
					};
					DEA813301AB93D600034FAD5 = {
						CreatedOnToolsVersion = 6.2;
						TestTargetID = DEA8131B1AB93D600034FAD5;
					};
				};
			};
			buildConfigurationList = DEA813171AB93D600034FAD5 /* Build configuration list for PBXProject "SecondAutoLayout" */;
			compatibilityVersion = "Xcode 3.2";
			developmentRegion = English;
			hasScannedForEncodings = 0;
			knownRegions = (
				en,
				Base,
			);
			mainGroup = DEA813131AB93D600034FAD5;
			productRefGroup = DEA8131D1AB93D600034FAD5 /* Products */;
			projectDirPath = "";
			projectRoot = "";
			targets = (
				DEA8131B1AB93D600034FAD5 /* SecondAutoLayout */,
				DEA813301AB93D600034FAD5 /* SecondAutoLayoutTests */,
			);
		};
/* End PBXProject section */

/* Begin PBXResourcesBuildPhase section */
		DEA8131A1AB93D600034FAD5 /* Resources */ = {
			isa = PBXResourcesBuildPhase;
			buildActionMask = 2147483647;
			files = (
				DEA813271AB93D600034FAD5 /* Main.storyboard in Resources */,
				DEA8132C1AB93D600034FAD5 /* LaunchScreen.xib in Resources */,
				DEA813291AB93D600034FAD5 /* Images.xcassets in Resources */,
			);
			runOnlyForDeploymentPostprocessing = 0;
		};
		DEA8132F1AB93D600034FAD5 /* Resources */ = {
			isa = PBXResourcesBuildPhase;
			buildActionMask = 2147483647;
			files = (
			);
			runOnlyForDeploymentPostprocessing = 0;
		};
/* End PBXResourcesBuildPhase section */

/* Begin PBXSourcesBuildPhase section */
		DEA813181AB93D600034FAD5 /* Sources */ = {
			isa = PBXSourcesBuildPhase;
			buildActionMask = 2147483647;
			files = (
				DEA813241AB93D600034FAD5 /* ViewController.swift in Sources */,
				DEA813221AB93D600034FAD5 /* AppDelegate.swift in Sources */,
			);
			runOnlyForDeploymentPostprocessing = 0;
		};
		DEA8132D1AB93D600034FAD5 /* Sources */ = {
			isa = PBXSourcesBuildPhase;
			buildActionMask = 2147483647;
			files = (
				DEA813381AB93D600034FAD5 /* SecondAutoLayoutTests.swift in Sources */,
			);
			runOnlyForDeploymentPostprocessing = 0;
		};
/* End PBXSourcesBuildPhase section */

/* Begin PBXTargetDependency section */
		DEA813331AB93D600034FAD5 /* PBXTargetDependency */ = {
			isa = PBXTargetDependency;
			target = DEA8131B1AB93D600034FAD5 /* SecondAutoLayout */;
			targetProxy = DEA813321AB93D600034FAD5 /* PBXContainerItemProxy */;
		};
/* End PBXTargetDependency section */

/* Begin PBXVariantGroup section */
		DEA813251AB93D600034FAD5 /* Main.storyboard */ = {
			isa = PBXVariantGroup;
			children = (
				DEA813261AB93D600034FAD5 /* Base */,
			);
			name = Main.storyboard;
			sourceTree = "<group>";
		};
		DEA8132A1AB93D600034FAD5 /* LaunchScreen.xib */ = {
			isa = PBXVariantGroup;
			children = (
				DEA8132B1AB93D600034FAD5 /* Base */,
			);
			name = LaunchScreen.xib;
			sourceTree = "<group>";
		};
/* End PBXVariantGroup section */

/* Begin XCBuildConfiguration section */
		DEA813391AB93D600034FAD5 /* Debug */ = {
			isa = XCBuildConfiguration;
			buildSettings = {
				ALWAYS_SEARCH_USER_PATHS = NO;
				CLANG_CXX_LANGUAGE_STANDARD = "gnu++0x";
				CLANG_CXX_LIBRARY = "libc++";
				CLANG_ENABLE_MODULES = YES;
				CLANG_ENABLE_OBJC_ARC = YES;
				CLANG_WARN_BOOL_CONVERSION = YES;
				CLANG_WARN_CONSTANT_CONVERSION = YES;
				CLANG_WARN_DIRECT_OBJC_ISA_USAGE = YES_ERROR;
				CLANG_WARN_EMPTY_BODY = YES;
				CLANG_WARN_ENUM_CONVERSION = YES;
				CLANG_WARN_INT_CONVERSION = YES;
				CLANG_WARN_OBJC_ROOT_CLASS = YES_ERROR;
				CLANG_WARN_UNREACHABLE_CODE = YES;
				CLANG_WARN__DUPLICATE_METHOD_MATCH = YES;
				"CODE_SIGN_IDENTITY[sdk=iphoneos*]" = "iPhone Developer";
				COPY_PHASE_STRIP = NO;
				ENABLE_STRICT_OBJC_MSGSEND = YES;
				GCC_C_LANGUAGE_STANDARD = gnu99;
				GCC_DYNAMIC_NO_PIC = NO;
				GCC_OPTIMIZATION_LEVEL = 0;
				GCC_PREPROCESSOR_DEFINITIONS = (
					"DEBUG=1",
					"$(inherited)",
				);
				GCC_SYMBOLS_PRIVATE_EXTERN = NO;
				GCC_WARN_64_TO_32_BIT_CONVERSION = YES;
				GCC_WARN_ABOUT_RETURN_TYPE = YES_ERROR;
				GCC_WARN_UNDECLARED_SELECTOR = YES;
				GCC_WARN_UNINITIALIZED_AUTOS = YES_AGGRESSIVE;
				GCC_WARN_UNUSED_FUNCTION = YES;
				GCC_WARN_UNUSED_VARIABLE = YES;
				IPHONEOS_DEPLOYMENT_TARGET = 8.2;
				MTL_ENABLE_DEBUG_INFO = YES;
				ONLY_ACTIVE_ARCH = YES;
				SDKROOT = iphoneos;
				SWIFT_OPTIMIZATION_LEVEL = "-Onone";
				TARGETED_DEVICE_FAMILY = "1,2";
			};
			name = Debug;
		};
		DEA8133A1AB93D600034FAD5 /* Release */ = {
			isa = XCBuildConfiguration;
			buildSettings = {
				ALWAYS_SEARCH_USER_PATHS = NO;
				CLANG_CXX_LANGUAGE_STANDARD = "gnu++0x";
				CLANG_CXX_LIBRARY = "libc++";
				CLANG_ENABLE_MODULES = YES;
				CLANG_ENABLE_OBJC_ARC = YES;
				CLANG_WARN_BOOL_CONVERSION = YES;
				CLANG_WARN_CONSTANT_CONVERSION = YES;
				CLANG_WARN_DIRECT_OBJC_ISA_USAGE = YES_ERROR;
				CLANG_WARN_EMPTY_BODY = YES;
				CLANG_WARN_ENUM_CONVERSION = YES;
				CLANG_WARN_INT_CONVERSION = YES;
				CLANG_WARN_OBJC_ROOT_CLASS = YES_ERROR;
				CLANG_WARN_UNREACHABLE_CODE = YES;
				CLANG_WARN__DUPLICATE_METHOD_MATCH = YES;
				"CODE_SIGN_IDENTITY[sdk=iphoneos*]" = "iPhone Developer";
				COPY_PHASE_STRIP = NO;
				ENABLE_NS_ASSERTIONS = NO;
				ENABLE_STRICT_OBJC_MSGSEND = YES;
				GCC_C_LANGUAGE_STANDARD = gnu99;
				GCC_WARN_64_TO_32_BIT_CONVERSION = YES;
				GCC_WARN_ABOUT_RETURN_TYPE = YES_ERROR;
				GCC_WARN_UNDECLARED_SELECTOR = YES;
				GCC_WARN_UNINITIALIZED_AUTOS = YES_AGGRESSIVE;
				GCC_WARN_UNUSED_FUNCTION = YES;
				GCC_WARN_UNUSED_VARIABLE = YES;
				IPHONEOS_DEPLOYMENT_TARGET = 8.2;
				MTL_ENABLE_DEBUG_INFO = NO;
				SDKROOT = iphoneos;
				TARGETED_DEVICE_FAMILY = "1,2";
				VALIDATE_PRODUCT = YES;
			};
			name = Release;
		};
		DEA8133C1AB93D600034FAD5 /* Debug */ = {
			isa = XCBuildConfiguration;
			buildSettings = {
				ASSETCATALOG_COMPILER_APPICON_NAME = AppIcon;
				INFOPLIST_FILE = SecondAutoLayout/Info.plist;
				LD_RUNPATH_SEARCH_PATHS = "$(inherited) @executable_path/Frameworks";
				PRODUCT_NAME = "$(TARGET_NAME)";
			};
			name = Debug;
		};
		DEA8133D1AB93D600034FAD5 /* Release */ = {
			isa = XCBuildConfiguration;
			buildSettings = {
				ASSETCATALOG_COMPILER_APPICON_NAME = AppIcon;
				INFOPLIST_FILE = SecondAutoLayout/Info.plist;
				LD_RUNPATH_SEARCH_PATHS = "$(inherited) @executable_path/Frameworks";
				PRODUCT_NAME = "$(TARGET_NAME)";
			};
			name = Release;
		};
		DEA8133F1AB93D600034FAD5 /* Debug */ = {
			isa = XCBuildConfiguration;
			buildSettings = {
				BUNDLE_LOADER = "$(TEST_HOST)";
				FRAMEWORK_SEARCH_PATHS = (
					"$(SDKROOT)/Developer/Library/Frameworks",
					"$(inherited)",
				);
				GCC_PREPROCESSOR_DEFINITIONS = (
					"DEBUG=1",
					"$(inherited)",
				);
				INFOPLIST_FILE = SecondAutoLayoutTests/Info.plist;
				LD_RUNPATH_SEARCH_PATHS = "$(inherited) @executable_path/Frameworks @loader_path/Frameworks";
				PRODUCT_NAME = "$(TARGET_NAME)";
				TEST_HOST = "$(BUILT_PRODUCTS_DIR)/SecondAutoLayout.app/SecondAutoLayout";
			};
			name = Debug;
		};
		DEA813401AB93D600034FAD5 /* Release */ = {
			isa = XCBuildConfiguration;
			buildSettings = {
				BUNDLE_LOADER = "$(TEST_HOST)";
				FRAMEWORK_SEARCH_PATHS = (
					"$(SDKROOT)/Developer/Library/Frameworks",
					"$(inherited)",
				);
				INFOPLIST_FILE = SecondAutoLayoutTests/Info.plist;
				LD_RUNPATH_SEARCH_PATHS = "$(inherited) @executable_path/Frameworks @loader_path/Frameworks";
				PRODUCT_NAME = "$(TARGET_NAME)";
				TEST_HOST = "$(BUILT_PRODUCTS_DIR)/SecondAutoLayout.app/SecondAutoLayout";
			};
			name = Release;
		};
/* End XCBuildConfiguration section */

/* Begin XCConfigurationList section */
		DEA813171AB93D600034FAD5 /* Build configuration list for PBXProject "SecondAutoLayout" */ = {
			isa = XCConfigurationList;
			buildConfigurations = (
				DEA813391AB93D600034FAD5 /* Debug */,
				DEA8133A1AB93D600034FAD5 /* Release */,
			);
			defaultConfigurationIsVisible = 0;
			defaultConfigurationName = Release;
		};
		DEA8133B1AB93D600034FAD5 /* Build configuration list for PBXNativeTarget "SecondAutoLayout" */ = {
			isa = XCConfigurationList;
			buildConfigurations = (
				DEA8133C1AB93D600034FAD5 /* Debug */,
				DEA8133D1AB93D600034FAD5 /* Release */,
			);
			defaultConfigurationIsVisible = 0;
		};
		DEA8133E1AB93D600034FAD5 /* Build configuration list for PBXNativeTarget "SecondAutoLayoutTests" */ = {
			isa = XCConfigurationList;
			buildConfigurations = (
				DEA8133F1AB93D600034FAD5 /* Debug */,
				DEA813401AB93D600034FAD5 /* Release */,
			);
			defaultConfigurationIsVisible = 0;
		};
/* End XCConfigurationList section */
	};
	rootObject = DEA813141AB93D600034FAD5 /* Project object */;
}
